{
  "name": "gmoney-lib",
  "version": "1.0.0",
  "lockfileVersion": 2,
  "requires": true,
  "packages": {
    "": {
      "name": "gmoney-lib",
      "version": "1.0.0",
      "license": "ISC",
      "dependencies": {
        "gmoney-addition-lib": "^1.0.0"
      }
    },
    "node_modules/gmoney-addition-lib": {
      "version": "1.0.0",
      "resolved": "https://registry.npmjs.org/gmoney-addition-lib/-/gmoney-addition-lib-1.0.0.tgz",
      "integrity": "sha512-KTiENm3GoVzXDb9eyN2EMBmJb7C+jU2M6G9fBaFngLVHHrs+ZXJQ8W0I+RPUh8gVKrR6qNwsZSWCCNGn7BeZlw=="
    }
  },
  "dependencies": {
    "gmoney-addition-lib": {
      "version": "1.0.0",
      "resolved": "https://registry.npmjs.org/gmoney-addition-lib/-/gmoney-addition-lib-1.0.0.tgz",
      "integrity": "sha512-KTiENm3GoVzXDb9eyN2EMBmJb7C+jU2M6G9fBaFngLVHHrs+ZXJQ8W0I+RPUh8gVKrR6qNwsZSWCCNGn7BeZlw=="
    }
  }
}
